// !$*UTF8*$!
{
	archiveVersion = 1;
	classes = {
	};
	objectVersion = 46;
	objects = {

/* Begin PBXBuildFile section */
		39601014169446AF00200100 /* UIKit.framework in Frameworks */ = {isa = PBXBuildFile; fileRef = 39601013169446AF00200100 /* UIKit.framework */; };
		39601016169446AF00200100 /* Foundation.framework in Frameworks */ = {isa = PBXBuildFile; fileRef = 39601015169446AF00200100 /* Foundation.framework */; };
		39601018169446B000200100 /* CoreGraphics.framework in Frameworks */ = {isa = PBXBuildFile; fileRef = 39601017169446AF00200100 /* CoreGraphics.framework */; };
		3960101E169446B000200100 /* InfoPlist.strings in Resources */ = {isa = PBXBuildFile; fileRef = 3960101C169446B000200100 /* InfoPlist.strings */; };
		39601020169446B000200100 /* main.m in Sources */ = {isa = PBXBuildFile; fileRef = 3960101F169446B000200100 /* main.m */; };
		39601024169446B000200100 /* AppDelegate.m in Sources */ = {isa = PBXBuildFile; fileRef = 39601023169446B000200100 /* AppDelegate.m */; };
		39601026169446B000200100 /* Default.png in Resources */ = {isa = PBXBuildFile; fileRef = 39601025169446B000200100 /* Default.png */; };
		39601028169446B000200100 /* Default@2x.png in Resources */ = {isa = PBXBuildFile; fileRef = 39601027169446B000200100 /* Default@2x.png */; };
		3960102A169446B000200100 /* Default-568h@2x.png in Resources */ = {isa = PBXBuildFile; fileRef = 39601029169446B000200100 /* Default-568h@2x.png */; };
		3960102D169446B000200100 /* MainStoryboard.storyboard in Resources */ = {isa = PBXBuildFile; fileRef = 3960102B169446B000200100 /* MainStoryboard.storyboard */; };
		39601030169446B000200100 /* ViewController.m in Sources */ = {isa = PBXBuildFile; fileRef = 3960102F169446B000200100 /* ViewController.m */; };
/* End PBXBuildFile section */

/* Begin PBXFileReference section */
		3960100F169446AF00200100 /* Push.app */ = {isa = PBXFileReference; explicitFileType = wrapper.application; includeInIndex = 0; path = Push.app; sourceTree = BUILT_PRODUCTS_DIR; };
		39601013169446AF00200100 /* UIKit.framework */ = {isa = PBXFileReference; lastKnownFileType = wrapper.framework; name = UIKit.framework; path = System/Library/Frameworks/UIKit.framework; sourceTree = SDKROOT; };
		39601015169446AF00200100 /* Foundation.framework */ = {isa = PBXFileReference; lastKnownFileType = wrapper.framework; name = Foundation.framework; path = System/Library/Frameworks/Foundation.framework; sourceTree = SDKROOT; };
		39601017169446AF00200100 /* CoreGraphics.framework */ = {isa = PBXFileReference; lastKnownFileType = wrapper.framework; name = CoreGraphics.framework; path = System/Library/Frameworks/CoreGraphics.framework; sourceTree = SDKROOT; };
		3960101B169446B000200100 /* Push-Info.plist */ = {isa = PBXFileReference; lastKnownFileType = text.plist.xml; path = "Push-Info.plist"; sourceTree = "<group>"; };
		3960101D169446B000200100 /* en */ = {isa = PBXFileReference; lastKnownFileType = text.plist.strings; name = en; path = en.lproj/InfoPlist.strings; sourceTree = "<group>"; };
		3960101F169446B000200100 /* main.m */ = {isa = PBXFileReference; lastKnownFileType = sourcecode.c.objc; path = main.m; sourceTree = "<group>"; };
		39601021169446B000200100 /* Push-Prefix.pch */ = {isa = PBXFileReference; lastKnownFileType = sourcecode.c.h; path = "Push-Prefix.pch"; sourceTree = "<group>"; };
		39601022169446B000200100 /* AppDelegate.h */ = {isa = PBXFileReference; lastKnownFileType = sourcecode.c.h; path = AppDelegate.h; sourceTree = "<group>"; };
		39601023169446B000200100 /* AppDelegate.m */ = {isa = PBXFileReference; lastKnownFileType = sourcecode.c.objc; path = AppDelegate.m; sourceTree = "<group>"; };
		39601025169446B000200100 /* Default.png */ = {isa = PBXFileReference; lastKnownFileType = image.png; path = Default.png; sourceTree = "<group>"; };
		39601027169446B000200100 /* Default@2x.png */ = {isa = PBXFileReference; lastKnownFileType = image.png; path = "Default@2x.png"; sourceTree = "<group>"; };
		39601029169446B000200100 /* Default-568h@2x.png */ = {isa = PBXFileReference; lastKnownFileType = image.png; path = "Default-568h@2x.png"; sourceTree = "<group>"; };
		3960102C169446B000200100 /* en */ = {isa = PBXFileReference; lastKnownFileType = file.storyboard; name = en; path = en.lproj/MainStoryboard.storyboard; sourceTree = "<group>"; };
		3960102E169446B000200100 /* ViewController.h */ = {isa = PBXFileReference; lastKnownFileType = sourcecode.c.h; path = ViewController.h; sourceTree = "<group>"; };
		3960102F169446B000200100 /* ViewController.m */ = {isa = PBXFileReference; lastKnownFileType = sourcecode.c.objc; path = ViewController.m; sourceTree = "<group>"; };
/* End PBXFileReference section */

/* Begin PBXFrameworksBuildPhase section */
		3960100C169446AF00200100 /* Frameworks */ = {
			isa = PBXFrameworksBuildPhase;
			buildActionMask = 2147483647;
			files = (
				39601014169446AF00200100 /* UIKit.framework in Frameworks */,
				39601016169446AF00200100 /* Foundation.framework in Frameworks */,
				39601018169446B000200100 /* CoreGraphics.framework in Frameworks */,
			);
			runOnlyForDeploymentPostprocessing = 0;
		};
/* End PBXFrameworksBuildPhase section */

/* Begin PBXGroup section */
		39601004169446AF00200100 = {
			isa = PBXGroup;
			children = (
				39601019169446B000200100 /* Push */,
				39601012169446AF00200100 /* Frameworks */,
				39601010169446AF00200100 /* Products */,
			);
			sourceTree = "<group>";
		};
		39601010169446AF00200100 /* Products */ = {
			isa = PBXGroup;
			children = (
				3960100F169446AF00200100 /* Push.app */,
			);
			name = Products;
			sourceTree = "<group>";
		};
		39601012169446AF00200100 /* Frameworks */ = {
			isa = PBXGroup;
			children = (
				39601013169446AF00200100 /* UIKit.framework */,
				39601015169446AF00200100 /* Foundation.framework */,
				39601017169446AF00200100 /* CoreGraphics.framework */,
			);
			name = Frameworks;
			sourceTree = "<group>";
		};
		39601019169446B000200100 /* Push */ = {
			isa = PBXGroup;
			children = (
				39601022169446B000200100 /* AppDelegate.h */,
				39601023169446B000200100 /* AppDelegate.m */,
				3960102B169446B000200100 /* MainStoryboard.storyboard */,
				3960102E169446B000200100 /* ViewController.h */,
				3960102F169446B000200100 /* ViewController.m */,
				3960101A169446B000200100 /* Supporting Files */,
			);
			path = Push;
			sourceTree = "<group>";
		};
		3960101A169446B000200100 /* Supporting Files */ = {
			isa = PBXGroup;
			children = (
				3960101B169446B000200100 /* Push-Info.plist */,
				3960101C169446B000200100 /* InfoPlist.strings */,
				3960101F169446B000200100 /* main.m */,
				39601021169446B000200100 /* Push-Prefix.pch */,
				39601025169446B000200100 /* Default.png */,
				39601027169446B000200100 /* Default@2x.png */,
				39601029169446B000200100 /* Default-568h@2x.png */,
			);
			name = "Supporting Files";
			sourceTree = "<group>";
		};
/* End PBXGroup section */

/* Begin PBXNativeTarget section */
		3960100E169446AF00200100 /* Push */ = {
			isa = PBXNativeTarget;
			buildConfigurationList = 39601033169446B000200100 /* Build configuration list for PBXNativeTarget "Push" */;
			buildPhases = (
				3960100B169446AF00200100 /* Sources */,
				3960100C169446AF00200100 /* Frameworks */,
				3960100D169446AF00200100 /* Resources */,
			);
			buildRules = (
			);
			dependencies = (
			);
			name = Push;
			productName = Push;
			productReference = 3960100F169446AF00200100 /* Push.app */;
			productType = "com.apple.product-type.application";
		};
/* End PBXNativeTarget section */

/* Begin PBXProject section */
		39601006169446AF00200100 /* Project object */ = {
			isa = PBXProject;
			attributes = {
				LastUpgradeCheck = 0450;
				ORGANIZATIONNAME = SERPRO;
			};
			buildConfigurationList = 39601009169446AF00200100 /* Build configuration list for PBXProject "Push" */;
			compatibilityVersion = "Xcode 3.2";
			developmentRegion = English;
			hasScannedForEncodings = 0;
			knownRegions = (
				en,
			);
			mainGroup = 39601004169446AF00200100;
			productRefGroup = 39601010169446AF00200100 /* Products */;
			projectDirPath = "";
			projectRoot = "";
			targets = (
				3960100E169446AF00200100 /* Push */,
			);
		};
/* End PBXProject section */

/* Begin PBXResourcesBuildPhase section */
		3960100D169446AF00200100 /* Resources */ = {
			isa = PBXResourcesBuildPhase;
			buildActionMask = 2147483647;
			files = (
				3960101E169446B000200100 /* InfoPlist.strings in Resources */,
				39601026169446B000200100 /* Default.png in Resources */,
				39601028169446B000200100 /* Default@2x.png in Resources */,
				3960102A169446B000200100 /* Default-568h@2x.png in Resources */,
				3960102D169446B000200100 /* MainStoryboard.storyboard in Resources */,
			);
			runOnlyForDeploymentPostprocessing = 0;
		};
/* End PBXResourcesBuildPhase section */

/* Begin PBXSourcesBuildPhase section */
		3960100B169446AF00200100 /* Sources */ = {
			isa = PBXSourcesBuildPhase;
			buildActionMask = 2147483647;
			files = (
				39601020169446B000200100 /* main.m in Sources */,
				39601024169446B000200100 /* AppDelegate.m in Sources */,
				39601030169446B000200100 /* ViewController.m in Sources */,
			);
			runOnlyForDeploymentPostprocessing = 0;
		};
/* End PBXSourcesBuildPhase section */

/* Begin PBXVariantGroup section */
		3960101C169446B000200100 /* InfoPlist.strings */ = {
			isa = PBXVariantGroup;
			children = (
				3960101D169446B000200100 /* en */,
			);
			name = InfoPlist.strings;
			sourceTree = "<group>";
		};
		3960102B169446B000200100 /* MainStoryboard.storyboard */ = {
			isa = PBXVariantGroup;
			children = (
				3960102C169446B000200100 /* en */,
			);
			name = MainStoryboard.storyboard;
			sourceTree = "<group>";
		};
/* End PBXVariantGroup section */

/* Begin XCBuildConfiguration section */
		39601031169446B000200100 /* Debug */ = {
			isa = XCBuildConfiguration;
			buildSettings = {
				ALWAYS_SEARCH_USER_PATHS = NO;
				CLANG_CXX_LANGUAGE_STANDARD = "gnu++0x";
				CLANG_CXX_LIBRARY = "libc++";
				CLANG_ENABLE_OBJC_ARC = YES;
				CLANG_WARN_EMPTY_BODY = YES;
				CLANG_WARN__DUPLICATE_METHOD_MATCH = YES;
				CODE_SIGN_IDENTITY = "iPhone Developer: Jose Maria Leocadio (DG28N2NS4L)";
				"CODE_SIGN_IDENTITY[sdk=iphoneos*]" = "iPhone Developer";
				COPY_PHASE_STRIP = NO;
				GCC_C_LANGUAGE_STANDARD = gnu99;
				GCC_DYNAMIC_NO_PIC = NO;
				GCC_OPTIMIZATION_LEVEL = 0;
				GCC_PREPROCESSOR_DEFINITIONS = (
					"DEBUG=1",
					"$(inherited)",
				);
				GCC_SYMBOLS_PRIVATE_EXTERN = NO;
				GCC_WARN_ABOUT_RETURN_TYPE = YES;
				GCC_WARN_UNINITIALIZED_AUTOS = YES;
				GCC_WARN_UNUSED_VARIABLE = YES;
				IPHONEOS_DEPLOYMENT_TARGET = 6.0;
				ONLY_ACTIVE_ARCH = YES;
				PROVISIONING_PROFILE = "B7297AD7-27B6-42EF-95EA-DB02E4D0935A";
				SDKROOT = iphoneos;
			};
			name = Debug;
		};
		39601032169446B000200100 /* Release */ = {
			isa = XCBuildConfiguration;
			buildSettings = {
				ALWAYS_SEARCH_USER_PATHS = NO;
				CLANG_CXX_LANGUAGE_STANDARD = "gnu++0x";
				CLANG_CXX_LIBRARY = "libc++";
				CLANG_ENABLE_OBJC_ARC = YES;
				CLANG_WARN_EMPTY_BODY = YES;
				CLANG_WARN__DUPLICATE_METHOD_MATCH = YES;
				CODE_SIGN_IDENTITY = "iPhone Developer: Jose Maria Leocadio (DG28N2NS4L)";
				"CODE_SIGN_IDENTITY[sdk=iphoneos*]" = "iPhone Developer";
				COPY_PHASE_STRIP = YES;
				GCC_C_LANGUAGE_STANDARD = gnu99;
				GCC_WARN_ABOUT_RETURN_TYPE = YES;
				GCC_WARN_UNINITIALIZED_AUTOS = YES;
				GCC_WARN_UNUSED_VARIABLE = YES;
				IPHONEOS_DEPLOYMENT_TARGET = 6.0;
				OTHER_CFLAGS = "-DNS_BLOCK_ASSERTIONS=1";
				PROVISIONING_PROFILE = "B7297AD7-27B6-42EF-95EA-DB02E4D0935A";
				SDKROOT = iphoneos;
				VALIDATE_PRODUCT = YES;
			};
			name = Release;
		};
		39601034169446B000200100 /* Debug */ = {
			isa = XCBuildConfiguration;
			buildSettings = {
				GCC_PRECOMPILE_PREFIX_HEADER = YES;
				GCC_PREFIX_HEADER = "Push/Push-Prefix.pch";
				INFOPLIST_FILE = "Push/Push-Info.plist";
				PRODUCT_NAME = "$(TARGET_NAME)";
				WRAPPER_EXTENSION = app;
			};
			name = Debug;
		};
		39601035169446B000200100 /* Release */ = {
			isa = XCBuildConfiguration;
			buildSettings = {
				GCC_PRECOMPILE_PREFIX_HEADER = YES;
				GCC_PREFIX_HEADER = "Push/Push-Prefix.pch";
				INFOPLIST_FILE = "Push/Push-Info.plist";
				PRODUCT_NAME = "$(TARGET_NAME)";
				WRAPPER_EXTENSION = app;
			};
			name = Release;
		};
/* End XCBuildConfiguration section */

/* Begin XCConfigurationList section */
		39601009169446AF00200100 /* Build configuration list for PBXProject "Push" */ = {
			isa = XCConfigurationList;
			buildConfigurations = (
				39601031169446B000200100 /* Debug */,
				39601032169446B000200100 /* Release */,
			);
			defaultConfigurationIsVisible = 0;
			defaultConfigurationName = Release;
		};
		39601033169446B000200100 /* Build configuration list for PBXNativeTarget "Push" */ = {
			isa = XCConfigurationList;
			buildConfigurations = (
				39601034169446B000200100 /* Debug */,
				39601035169446B000200100 /* Release */,
			);
			defaultConfigurationIsVisible = 0;
		};
/* End XCConfigurationList section */
	};
	rootObject = 39601006169446AF00200100 /* Project object */;
}
